
Microsoft Visual Studio Solution File, Format Version 12.00
# Visual Studio 15
VisualStudioVersion = 15.0.26730.10
MinimumVisualStudioVersion = 10.0.40219.1
Project("{FAE04EC0-301F-11D3-BF4B-00C04F79EFBC}") = "ClassDemochoServer", "ClassDemochoServer\ClassDemochoServer.csproj", "{015C6856-77DD-40A7-98EC-2187249749D1}"
EndProject
Project("{FAE04EC0-301F-11D3-BF4B-00C04F79EFBC}") = "ClassDemochoClient", "ClassDemochoClient\ClassDemochoClient.csproj", "{8DB722E0-6A4F-4ABD-BEB4-F6A3424E9073}"
EndProject
Global
	GlobalSection(SolutionConfigurationPlatforms) = preSolution
		Debug|Any CPU = Debug|Any CPU
		Release|Any CPU = Release|Any CPU
	EndGlobalSection
	GlobalSection(ProjectConfigurationPlatforms) = postSolution
		{015C6856-77DD-40A7-98EC-2187249749D1}.Debug|Any CPU.ActiveCfg = Debug|Any CPU
		{015C6856-77DD-40A7-98EC-2187249749D1}.Debug|Any CPU.Build.0 = Debug|Any CPU
		{015C6856-77DD-40A7-98EC-2187249749D1}.Release|Any CPU.ActiveCfg = Release|Any CPU
		{015C6856-77DD-40A7-98EC-2187249749D1}.Release|Any CPU.Build.0 = Release|Any CPU
		{8DB722E0-6A4F-4ABD-BEB4-F6A3424E9073}.Debug|Any CPU.ActiveCfg = Debug|Any CPU
		{8DB722E0-6A4F-4ABD-BEB4-F6A3424E9073}.Debug|Any CPU.Build.0 = Debug|Any CPU
		{8DB722E0-6A4F-4ABD-BEB4-F6A3424E9073}.Release|Any CPU.ActiveCfg = Release|Any CPU
		{8DB722E0-6A4F-4ABD-BEB4-F6A3424E9073}.Release|Any CPU.Build.0 = Release|Any CPU
	EndGlobalSection
	GlobalSection(SolutionProperties) = preSolution
		HideSolutionNode = FALSE
	EndGlobalSection
	GlobalSection(ExtensibilityGlobals) = postSolution
		SolutionGuid = {C26E9876-90E3-49C6-9C67-093ABF2BB155}
	EndGlobalSection
EndGlobal
